// !$*UTF8*$!
{
	archiveVersion = 1;
	classes = {
	};
	objectVersion = 46;
	objects = {

/* Begin PBXBuildFile section */
		170BEB9A7D806F51A6E10877 /* Pods_SwiftAll.framework in Frameworks */ = {isa = PBXBuildFile; fileRef = D8AC9B42BFC8FDD928D61AC4 /* Pods_SwiftAll.framework */; };
		3A71A3121F01195E00B9BE4F /* MZBaseViewController.swift in Sources */ = {isa = PBXBuildFile; fileRef = 3A71A3111F01195E00B9BE4F /* MZBaseViewController.swift */; };
		3A7D00A11EF9252A00D47F9C /* MZRootViewController.swift in Sources */ = {isa = PBXBuildFile; fileRef = 3A7D00A01EF9252A00D47F9C /* MZRootViewController.swift */; };
		3AE364091ECAD46A00559E35 /* AppDelegate.swift in Sources */ = {isa = PBXBuildFile; fileRef = 3AE364081ECAD46A00559E35 /* AppDelegate.swift */; };
		3AE3640E1ECAD46A00559E35 /* Main.storyboard in Resources */ = {isa = PBXBuildFile; fileRef = 3AE3640C1ECAD46A00559E35 /* Main.storyboard */; };
		3AE364101ECAD46A00559E35 /* Assets.xcassets in Resources */ = {isa = PBXBuildFile; fileRef = 3AE3640F1ECAD46A00559E35 /* Assets.xcassets */; };
		3AE364131ECAD46A00559E35 /* LaunchScreen.storyboard in Resources */ = {isa = PBXBuildFile; fileRef = 3AE364111ECAD46A00559E35 /* LaunchScreen.storyboard */; };
		3E2B532C2293F80D00209292 /* MZUIViewController.swift in Sources */ = {isa = PBXBuildFile; fileRef = 3E2B532B2293F80D00209292 /* MZUIViewController.swift */; };
		3E2B532E2294007B00209292 /* MZTableViewController.swift in Sources */ = {isa = PBXBuildFile; fileRef = 3E2B532D2294007B00209292 /* MZTableViewController.swift */; };
		46485E742028391200833499 /* MZBaseTypeController.swift in Sources */ = {isa = PBXBuildFile; fileRef = 46485E732028391200833499 /* MZBaseTypeController.swift */; };
/* End PBXBuildFile section */

/* Begin PBXFileReference section */
		0B529FB7A84EE53ECB7083C4 /* Pods-SwiftAll.release.xcconfig */ = {isa = PBXFileReference; includeInIndex = 1; lastKnownFileType = text.xcconfig; name = "Pods-SwiftAll.release.xcconfig"; path = "Pods/Target Support Files/Pods-SwiftAll/Pods-SwiftAll.release.xcconfig"; sourceTree = "<group>"; };
		168AA9D3C88ACE968962F54D /* Pods-SwiftAll.debug.xcconfig */ = {isa = PBXFileReference; includeInIndex = 1; lastKnownFileType = text.xcconfig; name = "Pods-SwiftAll.debug.xcconfig"; path = "Pods/Target Support Files/Pods-SwiftAll/Pods-SwiftAll.debug.xcconfig"; sourceTree = "<group>"; };
		3A71A3111F01195E00B9BE4F /* MZBaseViewController.swift */ = {isa = PBXFileReference; fileEncoding = 4; lastKnownFileType = sourcecode.swift; path = MZBaseViewController.swift; sourceTree = "<group>"; };
		3A7D00A01EF9252A00D47F9C /* MZRootViewController.swift */ = {isa = PBXFileReference; fileEncoding = 4; lastKnownFileType = sourcecode.swift; path = MZRootViewController.swift; sourceTree = "<group>"; };
		3AE364051ECAD46A00559E35 /* SwiftAll.app */ = {isa = PBXFileReference; explicitFileType = wrapper.application; includeInIndex = 0; path = SwiftAll.app; sourceTree = BUILT_PRODUCTS_DIR; };
		3AE364081ECAD46A00559E35 /* AppDelegate.swift */ = {isa = PBXFileReference; lastKnownFileType = sourcecode.swift; path = AppDelegate.swift; sourceTree = "<group>"; };
		3AE3640D1ECAD46A00559E35 /* Base */ = {isa = PBXFileReference; lastKnownFileType = file.storyboard; name = Base; path = Base.lproj/Main.storyboard; sourceTree = "<group>"; };
		3AE3640F1ECAD46A00559E35 /* Assets.xcassets */ = {isa = PBXFileReference; lastKnownFileType = folder.assetcatalog; path = Assets.xcassets; sourceTree = "<group>"; };
		3AE364121ECAD46A00559E35 /* Base */ = {isa = PBXFileReference; lastKnownFileType = file.storyboard; name = Base; path = Base.lproj/LaunchScreen.storyboard; sourceTree = "<group>"; };
		3AE364141ECAD46A00559E35 /* Info.plist */ = {isa = PBXFileReference; lastKnownFileType = text.plist.xml; path = Info.plist; sourceTree = "<group>"; };
		3E2B532B2293F80D00209292 /* MZUIViewController.swift */ = {isa = PBXFileReference; lastKnownFileType = sourcecode.swift; path = MZUIViewController.swift; sourceTree = "<group>"; };
		3E2B532D2294007B00209292 /* MZTableViewController.swift */ = {isa = PBXFileReference; lastKnownFileType = sourcecode.swift; path = MZTableViewController.swift; sourceTree = "<group>"; };
		46485E732028391200833499 /* MZBaseTypeController.swift */ = {isa = PBXFileReference; lastKnownFileType = sourcecode.swift; path = MZBaseTypeController.swift; sourceTree = "<group>"; };
		D8AC9B42BFC8FDD928D61AC4 /* Pods_SwiftAll.framework */ = {isa = PBXFileReference; explicitFileType = wrapper.framework; includeInIndex = 0; path = Pods_SwiftAll.framework; sourceTree = BUILT_PRODUCTS_DIR; };
/* End PBXFileReference section */

/* Begin PBXFrameworksBuildPhase section */
		3AE364021ECAD46A00559E35 /* Frameworks */ = {
			isa = PBXFrameworksBuildPhase;
			buildActionMask = 2147483647;
			files = (
				170BEB9A7D806F51A6E10877 /* Pods_SwiftAll.framework in Frameworks */,
			);
			runOnlyForDeploymentPostprocessing = 0;
		};
/* End PBXFrameworksBuildPhase section */

/* Begin PBXGroup section */
		3AE363FC1ECAD46A00559E35 = {
			isa = PBXGroup;
			children = (
				3AE364071ECAD46A00559E35 /* SwiftAll */,
				3AE364061ECAD46A00559E35 /* Products */,
				DBD8187C2075DFD5C5A4DC80 /* Pods */,
				477930DDF29EC8D2E7066004 /* Frameworks */,
			);
			sourceTree = "<group>";
		};
		3AE364061ECAD46A00559E35 /* Products */ = {
			isa = PBXGroup;
			children = (
				3AE364051ECAD46A00559E35 /* SwiftAll.app */,
			);
			name = Products;
			sourceTree = "<group>";
		};
		3AE364071ECAD46A00559E35 /* SwiftAll */ = {
			isa = PBXGroup;
			children = (
				3AE364081ECAD46A00559E35 /* AppDelegate.swift */,
				3A71A3111F01195E00B9BE4F /* MZBaseViewController.swift */,
				3A7D00A01EF9252A00D47F9C /* MZRootViewController.swift */,
				46485E732028391200833499 /* MZBaseTypeController.swift */,
				3E2B532B2293F80D00209292 /* MZUIViewController.swift */,
				3E2B532D2294007B00209292 /* MZTableViewController.swift */,
				3AE3640C1ECAD46A00559E35 /* Main.storyboard */,
				3AE3640F1ECAD46A00559E35 /* Assets.xcassets */,
				3AE364111ECAD46A00559E35 /* LaunchScreen.storyboard */,
				3AE364141ECAD46A00559E35 /* Info.plist */,
			);
			path = SwiftAll;
			sourceTree = "<group>";
		};
		477930DDF29EC8D2E7066004 /* Frameworks */ = {
			isa = PBXGroup;
			children = (
				D8AC9B42BFC8FDD928D61AC4 /* Pods_SwiftAll.framework */,
			);
			name = Frameworks;
			sourceTree = "<group>";
		};
		DBD8187C2075DFD5C5A4DC80 /* Pods */ = {
			isa = PBXGroup;
			children = (
				168AA9D3C88ACE968962F54D /* Pods-SwiftAll.debug.xcconfig */,
				0B529FB7A84EE53ECB7083C4 /* Pods-SwiftAll.release.xcconfig */,
			);
			name = Pods;
			sourceTree = "<group>";
		};
/* End PBXGroup section */

/* Begin PBXNativeTarget section */
		3AE364041ECAD46A00559E35 /* SwiftAll */ = {
			isa = PBXNativeTarget;
			buildConfigurationList = 3AE364171ECAD46A00559E35 /* Build configuration list for PBXNativeTarget "SwiftAll" */;
			buildPhases = (
				969D89F76D0F18EF79C8E671 /* [CP] Check Pods Manifest.lock */,
				3AE364011ECAD46A00559E35 /* Sources */,
				3AE364021ECAD46A00559E35 /* Frameworks */,
				3AE364031ECAD46A00559E35 /* Resources */,
				AC1B7C14130FFD30CD28180F /* [CP] Embed Pods Frameworks */,
				2E9FE3C21A6371468F547D4E /* [CP] Copy Pods Resources */,
			);
			buildRules = (
			);
			dependencies = (
			);
			name = SwiftAll;
			productName = SwiftAll;
			productReference = 3AE364051ECAD46A00559E35 /* SwiftAll.app */;
			productType = "com.apple.product-type.application";
		};
/* End PBXNativeTarget section */

/* Begin PBXProject section */
		3AE363FD1ECAD46A00559E35 /* Project object */ = {
			isa = PBXProject;
			attributes = {
				LastSwiftUpdateCheck = 0820;
				LastUpgradeCheck = 0820;
				ORGANIZATIONNAME = Ming;
				TargetAttributes = {
					3AE364041ECAD46A00559E35 = {
						CreatedOnToolsVersion = 8.2.1;
						DevelopmentTeam = 7LN4P5J2GP;
						ProvisioningStyle = Automatic;
					};
				};
			};
			buildConfigurationList = 3AE364001ECAD46A00559E35 /* Build configuration list for PBXProject "SwiftAll" */;
			compatibilityVersion = "Xcode 3.2";
			developmentRegion = English;
			hasScannedForEncodings = 0;
			knownRegions = (
				en,
				Base,
			);
			mainGroup = 3AE363FC1ECAD46A00559E35;
			productRefGroup = 3AE364061ECAD46A00559E35 /* Products */;
			projectDirPath = "";
			projectRoot = "";
			targets = (
				3AE364041ECAD46A00559E35 /* SwiftAll */,
			);
		};
/* End PBXProject section */

/* Begin PBXResourcesBuildPhase section */
		3AE364031ECAD46A00559E35 /* Resources */ = {
			isa = PBXResourcesBuildPhase;
			buildActionMask = 2147483647;
			files = (
				3AE364131ECAD46A00559E35 /* LaunchScreen.storyboard in Resources */,
				3AE364101ECAD46A00559E35 /* Assets.xcassets in Resources */,
				3AE3640E1ECAD46A00559E35 /* Main.storyboard in Resources */,
			);
			runOnlyForDeploymentPostprocessing = 0;
		};
/* End PBXResourcesBuildPhase section */

/* Begin PBXShellScriptBuildPhase section */
		2E9FE3C21A6371468F547D4E /* [CP] Copy Pods Resources */ = {
			isa = PBXShellScriptBuildPhase;
			buildActionMask = 2147483647;
			files = (
			);
			inputPaths = (
			);
			name = "[CP] Copy Pods Resources";
			outputPaths = (
			);
			runOnlyForDeploymentPostprocessing = 0;
			shellPath = /bin/sh;
			shellScript = "\"${SRCROOT}/Pods/Target Support Files/Pods-SwiftAll/Pods-SwiftAll-resources.sh\"\n";
			showEnvVarsInLog = 0;
		};
		969D89F76D0F18EF79C8E671 /* [CP] Check Pods Manifest.lock */ = {
			isa = PBXShellScriptBuildPhase;
			buildActionMask = 2147483647;
			files = (
			);
			inputPaths = (
				"${PODS_PODFILE_DIR_PATH}/Podfile.lock",
				"${PODS_ROOT}/Manifest.lock",
			);
			name = "[CP] Check Pods Manifest.lock";
			outputPaths = (
				"$(DERIVED_FILE_DIR)/Pods-SwiftAll-checkManifestLockResult.txt",
			);
			runOnlyForDeploymentPostprocessing = 0;
			shellPath = /bin/sh;
			shellScript = "diff \"${PODS_PODFILE_DIR_PATH}/Podfile.lock\" \"${PODS_ROOT}/Manifest.lock\" > /dev/null\nif [ $? != 0 ] ; then\n    # print error to STDERR\n    echo \"error: The sandbox is not in sync with the Podfile.lock. Run 'pod install' or update your CocoaPods installation.\" >&2\n    exit 1\nfi\n# This output is used by Xcode 'outputs' to avoid re-running this script phase.\necho \"SUCCESS\" > \"${SCRIPT_OUTPUT_FILE_0}\"\n";
			showEnvVarsInLog = 0;
		};
		AC1B7C14130FFD30CD28180F /* [CP] Embed Pods Frameworks */ = {
			isa = PBXShellScriptBuildPhase;
			buildActionMask = 2147483647;
			files = (
			);
			inputPaths = (
				"${SRCROOT}/Pods/Target Support Files/Pods-SwiftAll/Pods-SwiftAll-frameworks.sh",
				"${BUILT_PRODUCTS_DIR}/Alamofire/Alamofire.framework",
			);
			name = "[CP] Embed Pods Frameworks";
			outputPaths = (
				"${TARGET_BUILD_DIR}/${FRAMEWORKS_FOLDER_PATH}/Alamofire.framework",
			);
			runOnlyForDeploymentPostprocessing = 0;
			shellPath = /bin/sh;
			shellScript = "\"${SRCROOT}/Pods/Target Support Files/Pods-SwiftAll/Pods-SwiftAll-frameworks.sh\"\n";
			showEnvVarsInLog = 0;
		};
/* End PBXShellScriptBuildPhase section */

/* Begin PBXSourcesBuildPhase section */
		3AE364011ECAD46A00559E35 /* Sources */ = {
			isa = PBXSourcesBuildPhase;
			buildActionMask = 2147483647;
			files = (
				3A7D00A11EF9252A00D47F9C /* MZRootViewController.swift in Sources */,
				3AE364091ECAD46A00559E35 /* AppDelegate.swift in Sources */,
				3A71A3121F01195E00B9BE4F /* MZBaseViewController.swift in Sources */,
				46485E742028391200833499 /* MZBaseTypeController.swift in Sources */,
				3E2B532E2294007B00209292 /* MZTableViewController.swift in Sources */,
				3E2B532C2293F80D00209292 /* MZUIViewController.swift in Sources */,
			);
			runOnlyForDeploymentPostprocessing = 0;
		};
/* End PBXSourcesBuildPhase section */

/* Begin PBXVariantGroup section */
		3AE3640C1ECAD46A00559E35 /* Main.storyboard */ = {
			isa = PBXVariantGroup;
			children = (
				3AE3640D1ECAD46A00559E35 /* Base */,
			);
			name = Main.storyboard;
			sourceTree = "<group>";
		};
		3AE364111ECAD46A00559E35 /* LaunchScreen.storyboard */ = {
			isa = PBXVariantGroup;
			children = (
				3AE364121ECAD46A00559E35 /* Base */,
			);
			name = LaunchScreen.storyboard;
			sourceTree = "<group>";
		};
/* End PBXVariantGroup section */

/* Begin XCBuildConfiguration section */
		3AE364151ECAD46A00559E35 /* Debug */ = {
			isa = XCBuildConfiguration;
			buildSettings = {
				ALWAYS_SEARCH_USER_PATHS = NO;
				CLANG_ANALYZER_NONNULL = YES;
				CLANG_CXX_LANGUAGE_STANDARD = "gnu++0x";
				CLANG_CXX_LIBRARY = "libc++";
				CLANG_ENABLE_MODULES = YES;
				CLANG_ENABLE_OBJC_ARC = YES;
				CLANG_WARN_BOOL_CONVERSION = YES;
				CLANG_WARN_CONSTANT_CONVERSION = YES;
				CLANG_WARN_DIRECT_OBJC_ISA_USAGE = YES_ERROR;
				CLANG_WARN_DOCUMENTATION_COMMENTS = YES;
				CLANG_WARN_EMPTY_BODY = YES;
				CLANG_WARN_ENUM_CONVERSION = YES;
				CLANG_WARN_INFINITE_RECURSION = YES;
				CLANG_WARN_INT_CONVERSION = YES;
				CLANG_WARN_OBJC_ROOT_CLASS = YES_ERROR;
				CLANG_WARN_SUSPICIOUS_MOVE = YES;
				CLANG_WARN_UNREACHABLE_CODE = YES;
				CLANG_WARN__DUPLICATE_METHOD_MATCH = YES;
				"CODE_SIGN_IDENTITY[sdk=iphoneos*]" = "iPhone Developer";
				COPY_PHASE_STRIP = NO;
				DEBUG_INFORMATION_FORMAT = dwarf;
				ENABLE_STRICT_OBJC_MSGSEND = YES;
				ENABLE_TESTABILITY = YES;
				GCC_C_LANGUAGE_STANDARD = gnu99;
				GCC_DYNAMIC_NO_PIC = NO;
				GCC_NO_COMMON_BLOCKS = YES;
				GCC_OPTIMIZATION_LEVEL = 0;
				GCC_PREPROCESSOR_DEFINITIONS = (
					"DEBUG=1",
					"$(inherited)",
				);
				GCC_WARN_64_TO_32_BIT_CONVERSION = YES;
				GCC_WARN_ABOUT_RETURN_TYPE = YES_ERROR;
				GCC_WARN_UNDECLARED_SELECTOR = YES;
				GCC_WARN_UNINITIALIZED_AUTOS = YES_AGGRESSIVE;
				GCC_WARN_UNUSED_FUNCTION = YES;
				GCC_WARN_UNUSED_VARIABLE = YES;
				IPHONEOS_DEPLOYMENT_TARGET = 10.2;
				MTL_ENABLE_DEBUG_INFO = YES;
				ONLY_ACTIVE_ARCH = YES;
				SDKROOT = iphoneos;
				SWIFT_ACTIVE_COMPILATION_CONDITIONS = DEBUG;
				SWIFT_OPTIMIZATION_LEVEL = "-Onone";
				TARGETED_DEVICE_FAMILY = "1,2";
			};
			name = Debug;
		};
		3AE364161ECAD46A00559E35 /* Release */ = {
			isa = XCBuildConfiguration;
			buildSettings = {
				ALWAYS_SEARCH_USER_PATHS = NO;
				CLANG_ANALYZER_NONNULL = YES;
				CLANG_CXX_LANGUAGE_STANDARD = "gnu++0x";
				CLANG_CXX_LIBRARY = "libc++";
				CLANG_ENABLE_MODULES = YES;
				CLANG_ENABLE_OBJC_ARC = YES;
				CLANG_WARN_BOOL_CONVERSION = YES;
				CLANG_WARN_CONSTANT_CONVERSION = YES;
				CLANG_WARN_DIRECT_OBJC_ISA_USAGE = YES_ERROR;
				CLANG_WARN_DOCUMENTATION_COMMENTS = YES;
				CLANG_WARN_EMPTY_BODY = YES;
				CLANG_WARN_ENUM_CONVERSION = YES;
				CLANG_WARN_INFINITE_RECURSION = YES;
				CLANG_WARN_INT_CONVERSION = YES;
				CLANG_WARN_OBJC_ROOT_CLASS = YES_ERROR;
				CLANG_WARN_SUSPICIOUS_MOVE = YES;
				CLANG_WARN_UNREACHABLE_CODE = YES;
				CLANG_WARN__DUPLICATE_METHOD_MATCH = YES;
				"CODE_SIGN_IDENTITY[sdk=iphoneos*]" = "iPhone Developer";
				COPY_PHASE_STRIP = NO;
				DEBUG_INFORMATION_FORMAT = "dwarf-with-dsym";
				ENABLE_NS_ASSERTIONS = NO;
				ENABLE_STRICT_OBJC_MSGSEND = YES;
				GCC_C_LANGUAGE_STANDARD = gnu99;
				GCC_NO_COMMON_BLOCKS = YES;
				GCC_WARN_64_TO_32_BIT_CONVERSION = YES;
				GCC_WARN_ABOUT_RETURN_TYPE = YES_ERROR;
				GCC_WARN_UNDECLARED_SELECTOR = YES;
				GCC_WARN_UNINITIALIZED_AUTOS = YES_AGGRESSIVE;
				GCC_WARN_UNUSED_FUNCTION = YES;
				GCC_WARN_UNUSED_VARIABLE = YES;
				IPHONEOS_DEPLOYMENT_TARGET = 10.2;
				MTL_ENABLE_DEBUG_INFO = NO;
				SDKROOT = iphoneos;
				SWIFT_OPTIMIZATION_LEVEL = "-Owholemodule";
				TARGETED_DEVICE_FAMILY = "1,2";
				VALIDATE_PRODUCT = YES;
			};
			name = Release;
		};
		3AE364181ECAD46A00559E35 /* Debug */ = {
			isa = XCBuildConfiguration;
			baseConfigurationReference = 168AA9D3C88ACE968962F54D /* Pods-SwiftAll.debug.xcconfig */;
			buildSettings = {
				ASSETCATALOG_COMPILER_APPICON_NAME = AppIcon;
				DEVELOPMENT_TEAM = 7LN4P5J2GP;
				INFOPLIST_FILE = SwiftAll/Info.plist;
				IPHONEOS_DEPLOYMENT_TARGET = 8.0;
				LD_RUNPATH_SEARCH_PATHS = "$(inherited) @executable_path/Frameworks";
				PRODUCT_BUNDLE_IDENTIFIER = Ming.SwiftAll;
				PRODUCT_NAME = "$(TARGET_NAME)";
				SWIFT_VERSION = 3.0;
			};
			name = Debug;
		};
		3AE364191ECAD46A00559E35 /* Release */ = {
			isa = XCBuildConfiguration;
			baseConfigurationReference = 0B529FB7A84EE53ECB7083C4 /* Pods-SwiftAll.release.xcconfig */;
			buildSettings = {
				ASSETCATALOG_COMPILER_APPICON_NAME = AppIcon;
				DEVELOPMENT_TEAM = 7LN4P5J2GP;
				INFOPLIST_FILE = SwiftAll/Info.plist;
				IPHONEOS_DEPLOYMENT_TARGET = 8.0;
				LD_RUNPATH_SEARCH_PATHS = "$(inherited) @executable_path/Frameworks";
				PRODUCT_BUNDLE_IDENTIFIER = Ming.SwiftAll;
				PRODUCT_NAME = "$(TARGET_NAME)";
				SWIFT_VERSION = 3.0;
			};
			name = Release;
		};
/* End XCBuildConfiguration section */

/* Begin XCConfigurationList section */
		3AE364001ECAD46A00559E35 /* Build configuration list for PBXProject "SwiftAll" */ = {
			isa = XCConfigurationList;
			buildConfigurations = (
				3AE364151ECAD46A00559E35 /* Debug */,
				3AE364161ECAD46A00559E35 /* Release */,
			);
			defaultConfigurationIsVisible = 0;
			defaultConfigurationName = Release;
		};
		3AE364171ECAD46A00559E35 /* Build configuration list for PBXNativeTarget "SwiftAll" */ = {
			isa = XCConfigurationList;
			buildConfigurations = (
				3AE364181ECAD46A00559E35 /* Debug */,
				3AE364191ECAD46A00559E35 /* Release */,
			);
			defaultConfigurationIsVisible = 0;
			defaultConfigurationName = Release;
		};
/* End XCConfigurationList section */
	};
	rootObject = 3AE363FD1ECAD46A00559E35 /* Project object */;
}
